
Microsoft Visual Studio Solution File, Format Version 12.00
# Visual Studio 2012
Project("{FAE04EC0-301F-11D3-BF4B-00C04F79EFBC}") = "AuthenticodeLint", "AuthenticodeLint\AuthenticodeLint.csproj", "{273BBC2F-00B6-4FB5-BF3A-17397B73FC2A}"
EndProject
Project("{FAE04EC0-301F-11D3-BF4B-00C04F79EFBC}") = "AuthenticodeLint.Core.Tests", "AuthenticodeLint.Core.Tests\AuthenticodeLint.Core.Tests.csproj", "{11F36E66-247F-4824-952F-A13EE091B7F1}"
EndProject
Project("{FAE04EC0-301F-11D3-BF4B-00C04F79EFBC}") = "AuthenticodeLint.Core", "AuthenticodeLint.Core\AuthenticodeLint.Core.csproj", "{5D8A184D-E6A7-4A40-B46E-1C7481B9BA8F}"
EndProject
Global
	GlobalSection(SolutionConfigurationPlatforms) = preSolution
		Debug|Any CPU = Debug|Any CPU
		Release|Any CPU = Release|Any CPU
	EndGlobalSection
	GlobalSection(ProjectConfigurationPlatforms) = postSolution
		{273BBC2F-00B6-4FB5-BF3A-17397B73FC2A}.Debug|Any CPU.ActiveCfg = Debug|Any CPU
		{273BBC2F-00B6-4FB5-BF3A-17397B73FC2A}.Debug|Any CPU.Build.0 = Debug|Any CPU
		{273BBC2F-00B6-4FB5-BF3A-17397B73FC2A}.Release|Any CPU.ActiveCfg = Release|Any CPU
		{273BBC2F-00B6-4FB5-BF3A-17397B73FC2A}.Release|Any CPU.Build.0 = Release|Any CPU
		{11F36E66-247F-4824-952F-A13EE091B7F1}.Debug|Any CPU.ActiveCfg = Debug|Any CPU
		{11F36E66-247F-4824-952F-A13EE091B7F1}.Debug|Any CPU.Build.0 = Debug|Any CPU
		{11F36E66-247F-4824-952F-A13EE091B7F1}.Release|Any CPU.ActiveCfg = Release|Any CPU
		{11F36E66-247F-4824-952F-A13EE091B7F1}.Release|Any CPU.Build.0 = Release|Any CPU
		{5D8A184D-E6A7-4A40-B46E-1C7481B9BA8F}.Debug|Any CPU.ActiveCfg = Debug|Any CPU
		{5D8A184D-E6A7-4A40-B46E-1C7481B9BA8F}.Debug|Any CPU.Build.0 = Debug|Any CPU
		{5D8A184D-E6A7-4A40-B46E-1C7481B9BA8F}.Release|Any CPU.ActiveCfg = Release|Any CPU
		{5D8A184D-E6A7-4A40-B46E-1C7481B9BA8F}.Release|Any CPU.Build.0 = Release|Any CPU
	EndGlobalSection
EndGlobal
